
Microsoft Visual Studio Solution File, Format Version 12.00
# Visual Studio 15
VisualStudioVersion = 15.0.28010.2050
MinimumVisualStudioVersion = 10.0.40219.1
Project("{FAE04EC0-301F-11D3-BF4B-00C04F79EFBC}") = "foxfly.stp.reader", "foxfly.stp.reader\foxfly.stp.reader.csproj", "{90889C39-C41D-4F59-9499-08AFCE551312}"
EndProject
Global
	GlobalSection(SolutionConfigurationPlatforms) = preSolution
		Debug|Any CPU = Debug|Any CPU
		Release|Any CPU = Release|Any CPU
	EndGlobalSection
	GlobalSection(ProjectConfigurationPlatforms) = postSolution
		{90889C39-C41D-4F59-9499-08AFCE551312}.Debug|Any CPU.ActiveCfg = Debug|Any CPU
		{90889C39-C41D-4F59-9499-08AFCE551312}.Debug|Any CPU.Build.0 = Debug|Any CPU
		{90889C39-C41D-4F59-9499-08AFCE551312}.Release|Any CPU.ActiveCfg = Release|Any CPU
		{90889C39-C41D-4F59-9499-08AFCE551312}.Release|Any CPU.Build.0 = Release|Any CPU
	EndGlobalSection
	GlobalSection(SolutionProperties) = preSolution
		HideSolutionNode = FALSE
	EndGlobalSection
	GlobalSection(ExtensibilityGlobals) = postSolution
		SolutionGuid = {5C9217E0-5B07-4F6A-8449-F1902A04848B}
	EndGlobalSection
EndGlobal
